// !$*UTF8*$!
{
	archiveVersion = 1;
	classes = {
	};
	objectVersion = 55;
	objects = {

/* Begin PBXBuildFile section */
		9B1F51572728C7D900494CAF /* DomainError.swift in Sources */ = {isa = PBXBuildFile; fileRef = 9B1F51562728C7D900494CAF /* DomainError.swift */; };
		9B1F515A2728CAC300494CAF /* HttpError.swift in Sources */ = {isa = PBXBuildFile; fileRef = 9B1F51592728CAC300494CAF /* HttpError.swift */; };
		9B1F515D2728D4F400494CAF /* Helpers+Extensions.swift in Sources */ = {isa = PBXBuildFile; fileRef = 9B1F515C2728D4F400494CAF /* Helpers+Extensions.swift */; };
		9B30FBCE2727864600D6EB5A /* Model.swift in Sources */ = {isa = PBXBuildFile; fileRef = 9B30FBCD2727864600D6EB5A /* Model.swift */; };
		9B30FBD02727873B00D6EB5A /* HttpPostClient.swift in Sources */ = {isa = PBXBuildFile; fileRef = 9B30FBCF2727873B00D6EB5A /* HttpPostClient.swift */; };
		9B6E2C5F2729D0AF0056EEF9 /* TestExtension.swift in Sources */ = {isa = PBXBuildFile; fileRef = 9B6E2C5E2729D0AF0056EEF9 /* TestExtension.swift */; };
		9B6E2C612729D17E0056EEF9 /* TestFactories.swift in Sources */ = {isa = PBXBuildFile; fileRef = 9B6E2C602729D17E0056EEF9 /* TestFactories.swift */; };
		9B6E2C642729D2570056EEF9 /* HttpClientSpy.swift in Sources */ = {isa = PBXBuildFile; fileRef = 9B6E2C632729D2570056EEF9 /* HttpClientSpy.swift */; };
		9B6E2C662729D2BD0056EEF9 /* AccountModelFactory.swift in Sources */ = {isa = PBXBuildFile; fileRef = 9B6E2C652729D2BD0056EEF9 /* AccountModelFactory.swift */; };
		9BD5FE21271F8A44000C1360 /* AddAccount.swift in Sources */ = {isa = PBXBuildFile; fileRef = 9BD5FE20271F8A44000C1360 /* AddAccount.swift */; };
		9BD5FE23271F8ADF000C1360 /* AccountModel.swift in Sources */ = {isa = PBXBuildFile; fileRef = 9BD5FE22271F8ADF000C1360 /* AccountModel.swift */; };
		9BD5FE31271F8CA0000C1360 /* Data.framework in Frameworks */ = {isa = PBXBuildFile; fileRef = 9BD5FE29271F8CA0000C1360 /* Data.framework */; };
		9BD5FE36271F8CA0000C1360 /* RemoteAddAccountTests.swift in Sources */ = {isa = PBXBuildFile; fileRef = 9BD5FE35271F8CA0000C1360 /* RemoteAddAccountTests.swift */; };
		9BD5FE3F271F8CE4000C1360 /* RemoteAddAccount.swift in Sources */ = {isa = PBXBuildFile; fileRef = 9BD5FE3E271F8CE4000C1360 /* RemoteAddAccount.swift */; };
		9BD5FE41271F8D0F000C1360 /* Domain.framework in Frameworks */ = {isa = PBXBuildFile; fileRef = 9BD5FE19271F8A39000C1360 /* Domain.framework */; };
		9BD5FE42271F8D0F000C1360 /* Domain.framework in Embed Frameworks */ = {isa = PBXBuildFile; fileRef = 9BD5FE19271F8A39000C1360 /* Domain.framework */; settings = {ATTRIBUTES = (CodeSignOnCopy, RemoveHeadersOnCopy, ); }; };
/* End PBXBuildFile section */

/* Begin PBXContainerItemProxy section */
		9BD5FE32271F8CA0000C1360 /* PBXContainerItemProxy */ = {
			isa = PBXContainerItemProxy;
			containerPortal = 9BD5FDF3271F89A4000C1360 /* Project object */;
			proxyType = 1;
			remoteGlobalIDString = 9BD5FE28271F8CA0000C1360;
			remoteInfo = Data;
		};
		9BD5FE43271F8D0F000C1360 /* PBXContainerItemProxy */ = {
			isa = PBXContainerItemProxy;
			containerPortal = 9BD5FDF3271F89A4000C1360 /* Project object */;
			proxyType = 1;
			remoteGlobalIDString = 9BD5FE18271F8A39000C1360;
			remoteInfo = Domain;
		};
/* End PBXContainerItemProxy section */

/* Begin PBXCopyFilesBuildPhase section */
		9BD5FE45271F8D0F000C1360 /* Embed Frameworks */ = {
			isa = PBXCopyFilesBuildPhase;
			buildActionMask = 2147483647;
			dstPath = "";
			dstSubfolderSpec = 10;
			files = (
				9BD5FE42271F8D0F000C1360 /* Domain.framework in Embed Frameworks */,
			);
			name = "Embed Frameworks";
			runOnlyForDeploymentPostprocessing = 0;
		};
/* End PBXCopyFilesBuildPhase section */

/* Begin PBXFileReference section */
		9B1F51562728C7D900494CAF /* DomainError.swift */ = {isa = PBXFileReference; lastKnownFileType = sourcecode.swift; path = DomainError.swift; sourceTree = "<group>"; };
		9B1F51592728CAC300494CAF /* HttpError.swift */ = {isa = PBXFileReference; lastKnownFileType = sourcecode.swift; path = HttpError.swift; sourceTree = "<group>"; };
		9B1F515C2728D4F400494CAF /* Helpers+Extensions.swift */ = {isa = PBXFileReference; lastKnownFileType = sourcecode.swift; path = "Helpers+Extensions.swift"; sourceTree = "<group>"; };
		9B30FBCD2727864600D6EB5A /* Model.swift */ = {isa = PBXFileReference; lastKnownFileType = sourcecode.swift; path = Model.swift; sourceTree = "<group>"; };
		9B30FBCF2727873B00D6EB5A /* HttpPostClient.swift */ = {isa = PBXFileReference; lastKnownFileType = sourcecode.swift; path = HttpPostClient.swift; sourceTree = "<group>"; };
		9B6E2C5E2729D0AF0056EEF9 /* TestExtension.swift */ = {isa = PBXFileReference; lastKnownFileType = sourcecode.swift; path = TestExtension.swift; sourceTree = "<group>"; };
		9B6E2C602729D17E0056EEF9 /* TestFactories.swift */ = {isa = PBXFileReference; lastKnownFileType = sourcecode.swift; path = TestFactories.swift; sourceTree = "<group>"; };
		9B6E2C632729D2570056EEF9 /* HttpClientSpy.swift */ = {isa = PBXFileReference; lastKnownFileType = sourcecode.swift; path = HttpClientSpy.swift; sourceTree = "<group>"; };
		9B6E2C652729D2BD0056EEF9 /* AccountModelFactory.swift */ = {isa = PBXFileReference; lastKnownFileType = sourcecode.swift; path = AccountModelFactory.swift; sourceTree = "<group>"; };
		9BD5FE19271F8A39000C1360 /* Domain.framework */ = {isa = PBXFileReference; explicitFileType = wrapper.framework; includeInIndex = 0; path = Domain.framework; sourceTree = BUILT_PRODUCTS_DIR; };
		9BD5FE20271F8A44000C1360 /* AddAccount.swift */ = {isa = PBXFileReference; lastKnownFileType = sourcecode.swift; path = AddAccount.swift; sourceTree = "<group>"; };
		9BD5FE22271F8ADF000C1360 /* AccountModel.swift */ = {isa = PBXFileReference; lastKnownFileType = sourcecode.swift; path = AccountModel.swift; sourceTree = "<group>"; };
		9BD5FE29271F8CA0000C1360 /* Data.framework */ = {isa = PBXFileReference; explicitFileType = wrapper.framework; includeInIndex = 0; path = Data.framework; sourceTree = BUILT_PRODUCTS_DIR; };
		9BD5FE30271F8CA0000C1360 /* DataTests.xctest */ = {isa = PBXFileReference; explicitFileType = wrapper.cfbundle; includeInIndex = 0; path = DataTests.xctest; sourceTree = BUILT_PRODUCTS_DIR; };
		9BD5FE35271F8CA0000C1360 /* RemoteAddAccountTests.swift */ = {isa = PBXFileReference; lastKnownFileType = sourcecode.swift; path = RemoteAddAccountTests.swift; sourceTree = "<group>"; };
		9BD5FE3E271F8CE4000C1360 /* RemoteAddAccount.swift */ = {isa = PBXFileReference; lastKnownFileType = sourcecode.swift; path = RemoteAddAccount.swift; sourceTree = "<group>"; };
/* End PBXFileReference section */

/* Begin PBXFrameworksBuildPhase section */
		9BD5FE16271F8A39000C1360 /* Frameworks */ = {
			isa = PBXFrameworksBuildPhase;
			buildActionMask = 2147483647;
			files = (
			);
			runOnlyForDeploymentPostprocessing = 0;
		};
		9BD5FE26271F8CA0000C1360 /* Frameworks */ = {
			isa = PBXFrameworksBuildPhase;
			buildActionMask = 2147483647;
			files = (
				9BD5FE41271F8D0F000C1360 /* Domain.framework in Frameworks */,
			);
			runOnlyForDeploymentPostprocessing = 0;
		};
		9BD5FE2D271F8CA0000C1360 /* Frameworks */ = {
			isa = PBXFrameworksBuildPhase;
			buildActionMask = 2147483647;
			files = (
				9BD5FE31271F8CA0000C1360 /* Data.framework in Frameworks */,
			);
			runOnlyForDeploymentPostprocessing = 0;
		};
/* End PBXFrameworksBuildPhase section */

/* Begin PBXGroup section */
		9B1F51552728C7D000494CAF /* Errors */ = {
			isa = PBXGroup;
			children = (
				9B1F51562728C7D900494CAF /* DomainError.swift */,
			);
			path = Errors;
			sourceTree = "<group>";
		};
		9B1F515B2728D4E200494CAF /* Helpers */ = {
			isa = PBXGroup;
			children = (
				9B1F515C2728D4F400494CAF /* Helpers+Extensions.swift */,
			);
			path = Helpers;
			sourceTree = "<group>";
		};
		9B30FBD12727879100D6EB5A /* Use Cases */ = {
			isa = PBXGroup;
			children = (
				9BD5FE20271F8A44000C1360 /* AddAccount.swift */,
			);
			path = "Use Cases";
			sourceTree = "<group>";
		};
		9B30FBD2272787A200D6EB5A /* Models */ = {
			isa = PBXGroup;
			children = (
				9BD5FE22271F8ADF000C1360 /* AccountModel.swift */,
				9B30FBCD2727864600D6EB5A /* Model.swift */,
			);
			path = Models;
			sourceTree = "<group>";
		};
		9B30FBD3272787AC00D6EB5A /* Use Cases */ = {
			isa = PBXGroup;
			children = (
				9BD5FE3E271F8CE4000C1360 /* RemoteAddAccount.swift */,
			);
			path = "Use Cases";
			sourceTree = "<group>";
		};
		9B30FBD4272787B800D6EB5A /* Http */ = {
			isa = PBXGroup;
			children = (
				9B30FBCF2727873B00D6EB5A /* HttpPostClient.swift */,
				9B1F51592728CAC300494CAF /* HttpError.swift */,
			);
			path = Http;
			sourceTree = "<group>";
		};
		9B30FBD5272787D000D6EB5A /* Use Cases */ = {
			isa = PBXGroup;
			children = (
				9BD5FE35271F8CA0000C1360 /* RemoteAddAccountTests.swift */,
			);
			path = "Use Cases";
			sourceTree = "<group>";
		};
		9B6E2C5D2729D0900056EEF9 /* Helpers */ = {
			isa = PBXGroup;
			children = (
				9B6E2C5E2729D0AF0056EEF9 /* TestExtension.swift */,
				9B6E2C602729D17E0056EEF9 /* TestFactories.swift */,
				9B6E2C652729D2BD0056EEF9 /* AccountModelFactory.swift */,
			);
			path = Helpers;
			sourceTree = "<group>";
		};
		9B6E2C622729D2400056EEF9 /* Http */ = {
			isa = PBXGroup;
			children = (
				9B6E2C632729D2570056EEF9 /* HttpClientSpy.swift */,
			);
			path = Http;
			sourceTree = "<group>";
		};
		9BD5FDF2271F89A4000C1360 = {
			isa = PBXGroup;
			children = (
				9BD5FE1A271F8A39000C1360 /* Domain */,
				9BD5FE2A271F8CA0000C1360 /* Data */,
				9BD5FE34271F8CA0000C1360 /* DataTests */,
				9BD5FDFD271F89A4000C1360 /* Products */,
				9BD5FE40271F8D0F000C1360 /* Frameworks */,
			);
			sourceTree = "<group>";
		};
		9BD5FDFD271F89A4000C1360 /* Products */ = {
			isa = PBXGroup;
			children = (
				9BD5FE19271F8A39000C1360 /* Domain.framework */,
				9BD5FE29271F8CA0000C1360 /* Data.framework */,
				9BD5FE30271F8CA0000C1360 /* DataTests.xctest */,
			);
			name = Products;
			sourceTree = "<group>";
		};
		9BD5FE1A271F8A39000C1360 /* Domain */ = {
			isa = PBXGroup;
			children = (
				9B1F51552728C7D000494CAF /* Errors */,
				9B30FBD2272787A200D6EB5A /* Models */,
				9B30FBD12727879100D6EB5A /* Use Cases */,
			);
			path = Domain;
			sourceTree = "<group>";
		};
		9BD5FE2A271F8CA0000C1360 /* Data */ = {
			isa = PBXGroup;
			children = (
				9B1F515B2728D4E200494CAF /* Helpers */,
				9B30FBD3272787AC00D6EB5A /* Use Cases */,
				9B30FBD4272787B800D6EB5A /* Http */,
			);
			path = Data;
			sourceTree = "<group>";
		};
		9BD5FE34271F8CA0000C1360 /* DataTests */ = {
			isa = PBXGroup;
			children = (
				9B6E2C622729D2400056EEF9 /* Http */,
				9B6E2C5D2729D0900056EEF9 /* Helpers */,
				9B30FBD5272787D000D6EB5A /* Use Cases */,
			);
			path = DataTests;
			sourceTree = "<group>";
		};
		9BD5FE40271F8D0F000C1360 /* Frameworks */ = {
			isa = PBXGroup;
			children = (
			);
			name = Frameworks;
			sourceTree = "<group>";
		};
/* End PBXGroup section */

/* Begin PBXHeadersBuildPhase section */
		9BD5FE14271F8A39000C1360 /* Headers */ = {
			isa = PBXHeadersBuildPhase;
			buildActionMask = 2147483647;
			files = (
			);
			runOnlyForDeploymentPostprocessing = 0;
		};
		9BD5FE24271F8CA0000C1360 /* Headers */ = {
			isa = PBXHeadersBuildPhase;
			buildActionMask = 2147483647;
			files = (
			);
			runOnlyForDeploymentPostprocessing = 0;
		};
/* End PBXHeadersBuildPhase section */

/* Begin PBXNativeTarget section */
		9BD5FE18271F8A39000C1360 /* Domain */ = {
			isa = PBXNativeTarget;
			buildConfigurationList = 9BD5FE1D271F8A39000C1360 /* Build configuration list for PBXNativeTarget "Domain" */;
			buildPhases = (
				9BD5FE14271F8A39000C1360 /* Headers */,
				9BD5FE15271F8A39000C1360 /* Sources */,
				9BD5FE16271F8A39000C1360 /* Frameworks */,
				9BD5FE17271F8A39000C1360 /* Resources */,
			);
			buildRules = (
			);
			dependencies = (
			);
			name = Domain;
			productName = Domain;
			productReference = 9BD5FE19271F8A39000C1360 /* Domain.framework */;
			productType = "com.apple.product-type.framework";
		};
		9BD5FE28271F8CA0000C1360 /* Data */ = {
			isa = PBXNativeTarget;
			buildConfigurationList = 9BD5FE38271F8CA0000C1360 /* Build configuration list for PBXNativeTarget "Data" */;
			buildPhases = (
				9BD5FE24271F8CA0000C1360 /* Headers */,
				9BD5FE25271F8CA0000C1360 /* Sources */,
				9BD5FE26271F8CA0000C1360 /* Frameworks */,
				9BD5FE27271F8CA0000C1360 /* Resources */,
				9BD5FE45271F8D0F000C1360 /* Embed Frameworks */,
			);
			buildRules = (
			);
			dependencies = (
				9BD5FE44271F8D0F000C1360 /* PBXTargetDependency */,
			);
			name = Data;
			productName = Data;
			productReference = 9BD5FE29271F8CA0000C1360 /* Data.framework */;
			productType = "com.apple.product-type.framework";
		};
		9BD5FE2F271F8CA0000C1360 /* DataTests */ = {
			isa = PBXNativeTarget;
			buildConfigurationList = 9BD5FE3B271F8CA0000C1360 /* Build configuration list for PBXNativeTarget "DataTests" */;
			buildPhases = (
				9BD5FE2C271F8CA0000C1360 /* Sources */,
				9BD5FE2D271F8CA0000C1360 /* Frameworks */,
				9BD5FE2E271F8CA0000C1360 /* Resources */,
			);
			buildRules = (
			);
			dependencies = (
				9BD5FE33271F8CA0000C1360 /* PBXTargetDependency */,
			);
			name = DataTests;
			productName = DataTests;
			productReference = 9BD5FE30271F8CA0000C1360 /* DataTests.xctest */;
			productType = "com.apple.product-type.bundle.unit-test";
		};
/* End PBXNativeTarget section */

/* Begin PBXProject section */
		9BD5FDF3271F89A4000C1360 /* Project object */ = {
			isa = PBXProject;
			attributes = {
				BuildIndependentTargetsInParallel = 1;
				LastSwiftUpdateCheck = 1300;
				LastUpgradeCheck = 1300;
				TargetAttributes = {
					9BD5FE18271F8A39000C1360 = {
						CreatedOnToolsVersion = 13.0;
						LastSwiftMigration = 1300;
					};
					9BD5FE28271F8CA0000C1360 = {
						CreatedOnToolsVersion = 13.0;
						LastSwiftMigration = 1300;
					};
					9BD5FE2F271F8CA0000C1360 = {
						CreatedOnToolsVersion = 13.0;
					};
				};
			};
			buildConfigurationList = 9BD5FDF6271F89A4000C1360 /* Build configuration list for PBXProject "CleanApp" */;
			compatibilityVersion = "Xcode 13.0";
			developmentRegion = en;
			hasScannedForEncodings = 0;
			knownRegions = (
				en,
				Base,
			);
			mainGroup = 9BD5FDF2271F89A4000C1360;
			productRefGroup = 9BD5FDFD271F89A4000C1360 /* Products */;
			projectDirPath = "";
			projectRoot = "";
			targets = (
				9BD5FE18271F8A39000C1360 /* Domain */,
				9BD5FE28271F8CA0000C1360 /* Data */,
				9BD5FE2F271F8CA0000C1360 /* DataTests */,
			);
		};
/* End PBXProject section */

/* Begin PBXResourcesBuildPhase section */
		9BD5FE17271F8A39000C1360 /* Resources */ = {
			isa = PBXResourcesBuildPhase;
			buildActionMask = 2147483647;
			files = (
			);
			runOnlyForDeploymentPostprocessing = 0;
		};
		9BD5FE27271F8CA0000C1360 /* Resources */ = {
			isa = PBXResourcesBuildPhase;
			buildActionMask = 2147483647;
			files = (
			);
			runOnlyForDeploymentPostprocessing = 0;
		};
		9BD5FE2E271F8CA0000C1360 /* Resources */ = {
			isa = PBXResourcesBuildPhase;
			buildActionMask = 2147483647;
			files = (
			);
			runOnlyForDeploymentPostprocessing = 0;
		};
/* End PBXResourcesBuildPhase section */

/* Begin PBXSourcesBuildPhase section */
		9BD5FE15271F8A39000C1360 /* Sources */ = {
			isa = PBXSourcesBuildPhase;
			buildActionMask = 2147483647;
			files = (
				9B30FBCE2727864600D6EB5A /* Model.swift in Sources */,
				9BD5FE21271F8A44000C1360 /* AddAccount.swift in Sources */,
				9B1F51572728C7D900494CAF /* DomainError.swift in Sources */,
				9BD5FE23271F8ADF000C1360 /* AccountModel.swift in Sources */,
			);
			runOnlyForDeploymentPostprocessing = 0;
		};
		9BD5FE25271F8CA0000C1360 /* Sources */ = {
			isa = PBXSourcesBuildPhase;
			buildActionMask = 2147483647;
			files = (
				9B30FBD02727873B00D6EB5A /* HttpPostClient.swift in Sources */,
				9B1F515D2728D4F400494CAF /* Helpers+Extensions.swift in Sources */,
				9B1F515A2728CAC300494CAF /* HttpError.swift in Sources */,
				9BD5FE3F271F8CE4000C1360 /* RemoteAddAccount.swift in Sources */,
			);
			runOnlyForDeploymentPostprocessing = 0;
		};
		9BD5FE2C271F8CA0000C1360 /* Sources */ = {
			isa = PBXSourcesBuildPhase;
			buildActionMask = 2147483647;
			files = (
				9B6E2C612729D17E0056EEF9 /* TestFactories.swift in Sources */,
				9B6E2C642729D2570056EEF9 /* HttpClientSpy.swift in Sources */,
				9BD5FE36271F8CA0000C1360 /* RemoteAddAccountTests.swift in Sources */,
				9B6E2C662729D2BD0056EEF9 /* AccountModelFactory.swift in Sources */,
				9B6E2C5F2729D0AF0056EEF9 /* TestExtension.swift in Sources */,
			);
			runOnlyForDeploymentPostprocessing = 0;
		};
/* End PBXSourcesBuildPhase section */

/* Begin PBXTargetDependency section */
		9BD5FE33271F8CA0000C1360 /* PBXTargetDependency */ = {
			isa = PBXTargetDependency;
			target = 9BD5FE28271F8CA0000C1360 /* Data */;
			targetProxy = 9BD5FE32271F8CA0000C1360 /* PBXContainerItemProxy */;
		};
		9BD5FE44271F8D0F000C1360 /* PBXTargetDependency */ = {
			isa = PBXTargetDependency;
			target = 9BD5FE18271F8A39000C1360 /* Domain */;
			targetProxy = 9BD5FE43271F8D0F000C1360 /* PBXContainerItemProxy */;
		};
/* End PBXTargetDependency section */

/* Begin XCBuildConfiguration section */
		9BD5FE01271F89A4000C1360 /* Debug */ = {
			isa = XCBuildConfiguration;
			buildSettings = {
				ALWAYS_SEARCH_USER_PATHS = NO;
				CLANG_ANALYZER_NONNULL = YES;
				CLANG_ANALYZER_NUMBER_OBJECT_CONVERSION = YES_AGGRESSIVE;
				CLANG_CXX_LANGUAGE_STANDARD = "gnu++17";
				CLANG_CXX_LIBRARY = "libc++";
				CLANG_ENABLE_MODULES = YES;
				CLANG_ENABLE_OBJC_ARC = YES;
				CLANG_ENABLE_OBJC_WEAK = YES;
				CLANG_WARN_BLOCK_CAPTURE_AUTORELEASING = YES;
				CLANG_WARN_BOOL_CONVERSION = YES;
				CLANG_WARN_COMMA = YES;
				CLANG_WARN_CONSTANT_CONVERSION = YES;
				CLANG_WARN_DEPRECATED_OBJC_IMPLEMENTATIONS = YES;
				CLANG_WARN_DIRECT_OBJC_ISA_USAGE = YES_ERROR;
				CLANG_WARN_DOCUMENTATION_COMMENTS = YES;
				CLANG_WARN_EMPTY_BODY = YES;
				CLANG_WARN_ENUM_CONVERSION = YES;
				CLANG_WARN_INFINITE_RECURSION = YES;
				CLANG_WARN_INT_CONVERSION = YES;
				CLANG_WARN_NON_LITERAL_NULL_CONVERSION = YES;
				CLANG_WARN_OBJC_IMPLICIT_RETAIN_SELF = YES;
				CLANG_WARN_OBJC_LITERAL_CONVERSION = YES;
				CLANG_WARN_OBJC_ROOT_CLASS = YES_ERROR;
				CLANG_WARN_QUOTED_INCLUDE_IN_FRAMEWORK_HEADER = YES;
				CLANG_WARN_RANGE_LOOP_ANALYSIS = YES;
				CLANG_WARN_STRICT_PROTOTYPES = YES;
				CLANG_WARN_SUSPICIOUS_MOVE = YES;
				CLANG_WARN_UNGUARDED_AVAILABILITY = YES_AGGRESSIVE;
				CLANG_WARN_UNREACHABLE_CODE = YES;
				CLANG_WARN__DUPLICATE_METHOD_MATCH = YES;
				COPY_PHASE_STRIP = NO;
				CURRENT_PROJECT_VERSION = 1;
				DEBUG_INFORMATION_FORMAT = dwarf;
				ENABLE_STRICT_OBJC_MSGSEND = YES;
				ENABLE_TESTABILITY = YES;
				GCC_C_LANGUAGE_STANDARD = gnu11;
				GCC_DYNAMIC_NO_PIC = NO;
				GCC_NO_COMMON_BLOCKS = YES;
				GCC_OPTIMIZATION_LEVEL = 0;
				GCC_PREPROCESSOR_DEFINITIONS = (
					"DEBUG=1",
					"$(inherited)",
				);
				GCC_WARN_64_TO_32_BIT_CONVERSION = YES;
				GCC_WARN_ABOUT_RETURN_TYPE = YES_ERROR;
				GCC_WARN_UNDECLARED_SELECTOR = YES;
				GCC_WARN_UNINITIALIZED_AUTOS = YES_AGGRESSIVE;
				GCC_WARN_UNUSED_FUNCTION = YES;
				GCC_WARN_UNUSED_VARIABLE = YES;
				IPHONEOS_DEPLOYMENT_TARGET = 15.0;
				MTL_ENABLE_DEBUG_INFO = INCLUDE_SOURCE;
				MTL_FAST_MATH = YES;
				ONLY_ACTIVE_ARCH = YES;
				SDKROOT = iphoneos;
				SWIFT_ACTIVE_COMPILATION_CONDITIONS = DEBUG;
				SWIFT_OPTIMIZATION_LEVEL = "-Onone";
				VERSIONING_SYSTEM = "apple-generic";
				VERSION_INFO_PREFIX = "";
			};
			name = Debug;
		};
		9BD5FE02271F89A4000C1360 /* Release */ = {
			isa = XCBuildConfiguration;
			buildSettings = {
				ALWAYS_SEARCH_USER_PATHS = NO;
				CLANG_ANALYZER_NONNULL = YES;
				CLANG_ANALYZER_NUMBER_OBJECT_CONVERSION = YES_AGGRESSIVE;
				CLANG_CXX_LANGUAGE_STANDARD = "gnu++17";
				CLANG_CXX_LIBRARY = "libc++";
				CLANG_ENABLE_MODULES = YES;
				CLANG_ENABLE_OBJC_ARC = YES;
				CLANG_ENABLE_OBJC_WEAK = YES;
				CLANG_WARN_BLOCK_CAPTURE_AUTORELEASING = YES;
				CLANG_WARN_BOOL_CONVERSION = YES;
				CLANG_WARN_COMMA = YES;
				CLANG_WARN_CONSTANT_CONVERSION = YES;
				CLANG_WARN_DEPRECATED_OBJC_IMPLEMENTATIONS = YES;
				CLANG_WARN_DIRECT_OBJC_ISA_USAGE = YES_ERROR;
				CLANG_WARN_DOCUMENTATION_COMMENTS = YES;
				CLANG_WARN_EMPTY_BODY = YES;
				CLANG_WARN_ENUM_CONVERSION = YES;
				CLANG_WARN_INFINITE_RECURSION = YES;
				CLANG_WARN_INT_CONVERSION = YES;
				CLANG_WARN_NON_LITERAL_NULL_CONVERSION = YES;
				CLANG_WARN_OBJC_IMPLICIT_RETAIN_SELF = YES;
				CLANG_WARN_OBJC_LITERAL_CONVERSION = YES;
				CLANG_WARN_OBJC_ROOT_CLASS = YES_ERROR;
				CLANG_WARN_QUOTED_INCLUDE_IN_FRAMEWORK_HEADER = YES;
				CLANG_WARN_RANGE_LOOP_ANALYSIS = YES;
				CLANG_WARN_STRICT_PROTOTYPES = YES;
				CLANG_WARN_SUSPICIOUS_MOVE = YES;
				CLANG_WARN_UNGUARDED_AVAILABILITY = YES_AGGRESSIVE;
				CLANG_WARN_UNREACHABLE_CODE = YES;
				CLANG_WARN__DUPLICATE_METHOD_MATCH = YES;
				COPY_PHASE_STRIP = NO;
				CURRENT_PROJECT_VERSION = 1;
				DEBUG_INFORMATION_FORMAT = "dwarf-with-dsym";
				ENABLE_NS_ASSERTIONS = NO;
				ENABLE_STRICT_OBJC_MSGSEND = YES;
				GCC_C_LANGUAGE_STANDARD = gnu11;
				GCC_NO_COMMON_BLOCKS = YES;
				GCC_WARN_64_TO_32_BIT_CONVERSION = YES;
				GCC_WARN_ABOUT_RETURN_TYPE = YES_ERROR;
				GCC_WARN_UNDECLARED_SELECTOR = YES;
				GCC_WARN_UNINITIALIZED_AUTOS = YES_AGGRESSIVE;
				GCC_WARN_UNUSED_FUNCTION = YES;
				GCC_WARN_UNUSED_VARIABLE = YES;
				IPHONEOS_DEPLOYMENT_TARGET = 15.0;
				MTL_ENABLE_DEBUG_INFO = NO;
				MTL_FAST_MATH = YES;
				SDKROOT = iphoneos;
				SWIFT_COMPILATION_MODE = wholemodule;
				SWIFT_OPTIMIZATION_LEVEL = "-O";
				VALIDATE_PRODUCT = YES;
				VERSIONING_SYSTEM = "apple-generic";
				VERSION_INFO_PREFIX = "";
			};
			name = Release;
		};
		9BD5FE1E271F8A39000C1360 /* Debug */ = {
			isa = XCBuildConfiguration;
			buildSettings = {
				CLANG_ENABLE_MODULES = YES;
				CODE_SIGN_STYLE = Automatic;
				CURRENT_PROJECT_VERSION = 1;
				DEFINES_MODULE = YES;
				DEVELOPMENT_TEAM = S7U8TZ84C4;
				DYLIB_COMPATIBILITY_VERSION = 1;
				DYLIB_CURRENT_VERSION = 1;
				DYLIB_INSTALL_NAME_BASE = "@rpath";
				GENERATE_INFOPLIST_FILE = YES;
				INFOPLIST_KEY_NSHumanReadableCopyright = "";
				INSTALL_PATH = "$(LOCAL_LIBRARY_DIR)/Frameworks";
				LD_RUNPATH_SEARCH_PATHS = (
					"$(inherited)",
					"@executable_path/Frameworks",
					"@loader_path/Frameworks",
				);
				MARKETING_VERSION = 1.0;
				PRODUCT_BUNDLE_IDENTIFIER = br.com.gabrieljesus.Domain;
				PRODUCT_NAME = "$(TARGET_NAME:c99extidentifier)";
				SKIP_INSTALL = YES;
				SUPPORTS_MACCATALYST = NO;
				SWIFT_EMIT_LOC_STRINGS = YES;
				SWIFT_OPTIMIZATION_LEVEL = "-Onone";
				SWIFT_VERSION = 5.0;
				TARGETED_DEVICE_FAMILY = 1;
			};
			name = Debug;
		};
		9BD5FE1F271F8A39000C1360 /* Release */ = {
			isa = XCBuildConfiguration;
			buildSettings = {
				CLANG_ENABLE_MODULES = YES;
				CODE_SIGN_STYLE = Automatic;
				CURRENT_PROJECT_VERSION = 1;
				DEFINES_MODULE = YES;
				DEVELOPMENT_TEAM = S7U8TZ84C4;
				DYLIB_COMPATIBILITY_VERSION = 1;
				DYLIB_CURRENT_VERSION = 1;
				DYLIB_INSTALL_NAME_BASE = "@rpath";
				GENERATE_INFOPLIST_FILE = YES;
				INFOPLIST_KEY_NSHumanReadableCopyright = "";
				INSTALL_PATH = "$(LOCAL_LIBRARY_DIR)/Frameworks";
				LD_RUNPATH_SEARCH_PATHS = (
					"$(inherited)",
					"@executable_path/Frameworks",
					"@loader_path/Frameworks",
				);
				MARKETING_VERSION = 1.0;
				PRODUCT_BUNDLE_IDENTIFIER = br.com.gabrieljesus.Domain;
				PRODUCT_NAME = "$(TARGET_NAME:c99extidentifier)";
				SKIP_INSTALL = YES;
				SUPPORTS_MACCATALYST = NO;
				SWIFT_EMIT_LOC_STRINGS = YES;
				SWIFT_VERSION = 5.0;
				TARGETED_DEVICE_FAMILY = 1;
			};
			name = Release;
		};
		9BD5FE39271F8CA0000C1360 /* Debug */ = {
			isa = XCBuildConfiguration;
			buildSettings = {
				CLANG_ENABLE_MODULES = YES;
				CODE_SIGN_STYLE = Automatic;
				CURRENT_PROJECT_VERSION = 1;
				DEFINES_MODULE = YES;
				DEVELOPMENT_TEAM = S7U8TZ84C4;
				DYLIB_COMPATIBILITY_VERSION = 1;
				DYLIB_CURRENT_VERSION = 1;
				DYLIB_INSTALL_NAME_BASE = "@rpath";
				GENERATE_INFOPLIST_FILE = YES;
				INFOPLIST_KEY_NSHumanReadableCopyright = "";
				INSTALL_PATH = "$(LOCAL_LIBRARY_DIR)/Frameworks";
				LD_RUNPATH_SEARCH_PATHS = (
					"$(inherited)",
					"@executable_path/Frameworks",
					"@loader_path/Frameworks",
				);
				MARKETING_VERSION = 1.0;
				PRODUCT_BUNDLE_IDENTIFIER = br.com.gabrieljesus.Data;
				PRODUCT_NAME = "$(TARGET_NAME:c99extidentifier)";
				SKIP_INSTALL = YES;
				SUPPORTS_MACCATALYST = NO;
				SWIFT_EMIT_LOC_STRINGS = YES;
				SWIFT_OPTIMIZATION_LEVEL = "-Onone";
				SWIFT_VERSION = 5.0;
				TARGETED_DEVICE_FAMILY = 1;
			};
			name = Debug;
		};
		9BD5FE3A271F8CA0000C1360 /* Release */ = {
			isa = XCBuildConfiguration;
			buildSettings = {
				CLANG_ENABLE_MODULES = YES;
				CODE_SIGN_STYLE = Automatic;
				CURRENT_PROJECT_VERSION = 1;
				DEFINES_MODULE = YES;
				DEVELOPMENT_TEAM = S7U8TZ84C4;
				DYLIB_COMPATIBILITY_VERSION = 1;
				DYLIB_CURRENT_VERSION = 1;
				DYLIB_INSTALL_NAME_BASE = "@rpath";
				GENERATE_INFOPLIST_FILE = YES;
				INFOPLIST_KEY_NSHumanReadableCopyright = "";
				INSTALL_PATH = "$(LOCAL_LIBRARY_DIR)/Frameworks";
				LD_RUNPATH_SEARCH_PATHS = (
					"$(inherited)",
					"@executable_path/Frameworks",
					"@loader_path/Frameworks",
				);
				MARKETING_VERSION = 1.0;
				PRODUCT_BUNDLE_IDENTIFIER = br.com.gabrieljesus.Data;
				PRODUCT_NAME = "$(TARGET_NAME:c99extidentifier)";
				SKIP_INSTALL = YES;
				SUPPORTS_MACCATALYST = NO;
				SWIFT_EMIT_LOC_STRINGS = YES;
				SWIFT_VERSION = 5.0;
				TARGETED_DEVICE_FAMILY = 1;
			};
			name = Release;
		};
		9BD5FE3C271F8CA0000C1360 /* Debug */ = {
			isa = XCBuildConfiguration;
			buildSettings = {
				ALWAYS_EMBED_SWIFT_STANDARD_LIBRARIES = YES;
				CODE_SIGN_STYLE = Automatic;
				CURRENT_PROJECT_VERSION = 1;
				DEVELOPMENT_TEAM = S7U8TZ84C4;
				GENERATE_INFOPLIST_FILE = YES;
				LD_RUNPATH_SEARCH_PATHS = (
					"$(inherited)",
					"@executable_path/Frameworks",
					"@loader_path/Frameworks",
				);
				MARKETING_VERSION = 1.0;
				PRODUCT_BUNDLE_IDENTIFIER = br.com.gabrieljesus.DataTests;
				PRODUCT_NAME = "$(TARGET_NAME)";
				SWIFT_EMIT_LOC_STRINGS = NO;
				SWIFT_VERSION = 5.0;
				TARGETED_DEVICE_FAMILY = "1,2";
			};
			name = Debug;
		};
		9BD5FE3D271F8CA0000C1360 /* Release */ = {
			isa = XCBuildConfiguration;
			buildSettings = {
				ALWAYS_EMBED_SWIFT_STANDARD_LIBRARIES = YES;
				CODE_SIGN_STYLE = Automatic;
				CURRENT_PROJECT_VERSION = 1;
				DEVELOPMENT_TEAM = S7U8TZ84C4;
				GENERATE_INFOPLIST_FILE = YES;
				LD_RUNPATH_SEARCH_PATHS = (
					"$(inherited)",
					"@executable_path/Frameworks",
					"@loader_path/Frameworks",
				);
				MARKETING_VERSION = 1.0;
				PRODUCT_BUNDLE_IDENTIFIER = br.com.gabrieljesus.DataTests;
				PRODUCT_NAME = "$(TARGET_NAME)";
				SWIFT_EMIT_LOC_STRINGS = NO;
				SWIFT_VERSION = 5.0;
				TARGETED_DEVICE_FAMILY = "1,2";
			};
			name = Release;
		};
/* End XCBuildConfiguration section */

/* Begin XCConfigurationList section */
		9BD5FDF6271F89A4000C1360 /* Build configuration list for PBXProject "CleanApp" */ = {
			isa = XCConfigurationList;
			buildConfigurations = (
				9BD5FE01271F89A4000C1360 /* Debug */,
				9BD5FE02271F89A4000C1360 /* Release */,
			);
			defaultConfigurationIsVisible = 0;
			defaultConfigurationName = Release;
		};
		9BD5FE1D271F8A39000C1360 /* Build configuration list for PBXNativeTarget "Domain" */ = {
			isa = XCConfigurationList;
			buildConfigurations = (
				9BD5FE1E271F8A39000C1360 /* Debug */,
				9BD5FE1F271F8A39000C1360 /* Release */,
			);
			defaultConfigurationIsVisible = 0;
			defaultConfigurationName = Release;
		};
		9BD5FE38271F8CA0000C1360 /* Build configuration list for PBXNativeTarget "Data" */ = {
			isa = XCConfigurationList;
			buildConfigurations = (
				9BD5FE39271F8CA0000C1360 /* Debug */,
				9BD5FE3A271F8CA0000C1360 /* Release */,
			);
			defaultConfigurationIsVisible = 0;
			defaultConfigurationName = Release;
		};
		9BD5FE3B271F8CA0000C1360 /* Build configuration list for PBXNativeTarget "DataTests" */ = {
			isa = XCConfigurationList;
			buildConfigurations = (
				9BD5FE3C271F8CA0000C1360 /* Debug */,
				9BD5FE3D271F8CA0000C1360 /* Release */,
			);
			defaultConfigurationIsVisible = 0;
			defaultConfigurationName = Release;
		};
/* End XCConfigurationList section */
	};
	rootObject = 9BD5FDF3271F89A4000C1360 /* Project object */;
}
